
Microsoft Visual Studio Solution File, Format Version 12.00
# Visual Studio Version 17
VisualStudioVersion = 17.11.35303.130
MinimumVisualStudioVersion = 10.0.40219.1
Project("{8BC9CEB8-8B4A-11D0-8D11-00A0C91BC942}") = "Project1", "Project1\Project1.vcxproj", "{D9F67F7C-DD4F-4FD2-9CA0-8E46CE1D07FE}"
EndProject
Global
	GlobalSection(SolutionConfigurationPlatforms) = preSolution
		Debug|x64 = Debug|x64
		Debug|x86 = Debug|x86
		Release|x64 = Release|x64
		Release|x86 = Release|x86
	EndGlobalSection
	GlobalSection(ProjectConfigurationPlatforms) = postSolution
		{D9F67F7C-DD4F-4FD2-9CA0-8E46CE1D07FE}.Debug|x64.ActiveCfg = Debug|x64
		{D9F67F7C-DD4F-4FD2-9CA0-8E46CE1D07FE}.Debug|x64.Build.0 = Debug|x64
		{D9F67F7C-DD4F-4FD2-9CA0-8E46CE1D07FE}.Debug|x86.ActiveCfg = Debug|Win32
		{D9F67F7C-DD4F-4FD2-9CA0-8E46CE1D07FE}.Debug|x86.Build.0 = Debug|Win32
		{D9F67F7C-DD4F-4FD2-9CA0-8E46CE1D07FE}.Release|x64.ActiveCfg = Release|x64
		{D9F67F7C-DD4F-4FD2-9CA0-8E46CE1D07FE}.Release|x64.Build.0 = Release|x64
		{D9F67F7C-DD4F-4FD2-9CA0-8E46CE1D07FE}.Release|x86.ActiveCfg = Release|Win32
		{D9F67F7C-DD4F-4FD2-9CA0-8E46CE1D07FE}.Release|x86.Build.0 = Release|Win32
	EndGlobalSection
	GlobalSection(SolutionProperties) = preSolution
		HideSolutionNode = FALSE
	EndGlobalSection
	GlobalSection(ExtensibilityGlobals) = postSolution
		SolutionGuid = {C2C6EEF2-ADCF-47B7-B669-7C76CE2C75BC}
	EndGlobalSection
EndGlobal
